
Microsoft Visual Studio Solution File, Format Version 12.00
# Visual Studio Version 17
VisualStudioVersion = 17.4.33213.308
MinimumVisualStudioVersion = 10.0.40219.1
Project("{FAE04EC0-301F-11D3-BF4B-00C04F79EFBC}") = "LCJS x ASP.NET Core", "LCJS x ASP.NET Core.csproj", "{2A7D00D6-AC2C-443E-9488-D66A855953D5}"
EndProject
Global
	GlobalSection(SolutionConfigurationPlatforms) = preSolution
		Debug|Any CPU = Debug|Any CPU
		Release|Any CPU = Release|Any CPU
	EndGlobalSection
	GlobalSection(ProjectConfigurationPlatforms) = postSolution
		{2A7D00D6-AC2C-443E-9488-D66A855953D5}.Debug|Any CPU.ActiveCfg = Debug|Any CPU
		{2A7D00D6-AC2C-443E-9488-D66A855953D5}.Debug|Any CPU.Build.0 = Debug|Any CPU
		{2A7D00D6-AC2C-443E-9488-D66A855953D5}.Release|Any CPU.ActiveCfg = Release|Any CPU
		{2A7D00D6-AC2C-443E-9488-D66A855953D5}.Release|Any CPU.Build.0 = Release|Any CPU
	EndGlobalSection
	GlobalSection(SolutionProperties) = preSolution
		HideSolutionNode = FALSE
	EndGlobalSection
	GlobalSection(ExtensibilityGlobals) = postSolution
		SolutionGuid = {C5BB8D2E-96D9-4EA9-B38C-68A7167D1831}
	EndGlobalSection
EndGlobal
